
Microsoft Visual Studio Solution File, Format Version 12.00
# Visual Studio Version 17
VisualStudioVersion = 17.11.35327.3
MinimumVisualStudioVersion = 10.0.40219.1
Project("{FAE04EC0-301F-11D3-BF4B-00C04F79EFBC}") = "ServerMessengerHttp", "ServerMessengerHttp\ServerMessengerHttp.csproj", "{0164197D-F863-4D33-A221-AAD56C0587CA}"
EndProject
Global
	GlobalSection(SolutionConfigurationPlatforms) = preSolution
		Debug|Any CPU = Debug|Any CPU
		Release|Any CPU = Release|Any CPU
	EndGlobalSection
	GlobalSection(ProjectConfigurationPlatforms) = postSolution
		{0164197D-F863-4D33-A221-AAD56C0587CA}.Debug|Any CPU.ActiveCfg = Debug|Any CPU
		{0164197D-F863-4D33-A221-AAD56C0587CA}.Debug|Any CPU.Build.0 = Debug|Any CPU
		{0164197D-F863-4D33-A221-AAD56C0587CA}.Release|Any CPU.ActiveCfg = Release|Any CPU
		{0164197D-F863-4D33-A221-AAD56C0587CA}.Release|Any CPU.Build.0 = Release|Any CPU
	EndGlobalSection
	GlobalSection(SolutionProperties) = preSolution
		HideSolutionNode = FALSE
	EndGlobalSection
	GlobalSection(ExtensibilityGlobals) = postSolution
		SolutionGuid = {CD108640-A38C-44E3-B9B0-F35A54144743}
	EndGlobalSection
EndGlobal
